
Microsoft Visual Studio Solution File, Format Version 12.00
# Visual Studio 15
VisualStudioVersion = 15.0.27428.2005
MinimumVisualStudioVersion = 10.0.40219.1
Project("{FAE04EC0-301F-11D3-BF4B-00C04F79EFBC}") = "EES.ComboBox", "EnvValue\EES.ComboBox.csproj", "{D8407669-D43D-47E9-8A5F-B81DC0606A89}"
EndProject
Project("{2150E333-8FDC-42A3-9474-1A3956D46DE8}") = "Tests", "Tests", "{B811C07D-71F1-4499-B662-580AC4A5F3C9}"
EndProject
Project("{2150E333-8FDC-42A3-9474-1A3956D46DE8}") = "TestData", "TestData", "{A1E38294-B32C-4FC2-B8D5-73C3917E258D}"
EndProject
Global
	GlobalSection(SolutionConfigurationPlatforms) = preSolution
		Debug|Any CPU = Debug|Any CPU
		Release|Any CPU = Release|Any CPU
	EndGlobalSection
	GlobalSection(ProjectConfigurationPlatforms) = postSolution
		{D8407669-D43D-47E9-8A5F-B81DC0606A89}.Debug|Any CPU.ActiveCfg = Debug|Any CPU
		{D8407669-D43D-47E9-8A5F-B81DC0606A89}.Debug|Any CPU.Build.0 = Debug|Any CPU
		{D8407669-D43D-47E9-8A5F-B81DC0606A89}.Release|Any CPU.ActiveCfg = Release|Any CPU
		{D8407669-D43D-47E9-8A5F-B81DC0606A89}.Release|Any CPU.Build.0 = Release|Any CPU
	EndGlobalSection
	GlobalSection(SolutionProperties) = preSolution
		HideSolutionNode = FALSE
	EndGlobalSection
	GlobalSection(NestedProjects) = preSolution
		{A1E38294-B32C-4FC2-B8D5-73C3917E258D} = {B811C07D-71F1-4499-B662-580AC4A5F3C9}
	EndGlobalSection
	GlobalSection(ExtensibilityGlobals) = postSolution
		SolutionGuid = {070C93DF-783F-466A-A5AD-5F6747D88662}
	EndGlobalSection
EndGlobal
