
Microsoft Visual Studio Solution File, Format Version 12.00
# Visual Studio 15
VisualStudioVersion = 15.0.27428.2005
MinimumVisualStudioVersion = 10.0.40219.1
Project("{FAE04EC0-301F-11D3-BF4B-00C04F79EFBC}") = "TestProject1", "TestProject1\TestProject1.csproj", "{9E1D99A9-3160-4B9D-9F0C-54600749DF14}"
EndProject
Global
	GlobalSection(SolutionConfigurationPlatforms) = preSolution
		Debug|Any CPU = Debug|Any CPU
		Release|Any CPU = Release|Any CPU
	EndGlobalSection
	GlobalSection(ProjectConfigurationPlatforms) = postSolution
		{9E1D99A9-3160-4B9D-9F0C-54600749DF14}.Debug|Any CPU.ActiveCfg = Debug|Any CPU
		{9E1D99A9-3160-4B9D-9F0C-54600749DF14}.Debug|Any CPU.Build.0 = Debug|Any CPU
		{9E1D99A9-3160-4B9D-9F0C-54600749DF14}.Release|Any CPU.ActiveCfg = Release|Any CPU
		{9E1D99A9-3160-4B9D-9F0C-54600749DF14}.Release|Any CPU.Build.0 = Release|Any CPU
	EndGlobalSection
	GlobalSection(SolutionProperties) = preSolution
		HideSolutionNode = FALSE
	EndGlobalSection
	GlobalSection(ExtensibilityGlobals) = postSolution
		SolutionGuid = {37BCE4C1-778E-4E0F-B6BF-C76045F7315A}
	EndGlobalSection
EndGlobal
